
Microsoft Visual Studio Solution File, Format Version 12.00
# Visual Studio Version 17
VisualStudioVersion = 17.0.31912.275
MinimumVisualStudioVersion = 10.0.40219.1
Project("{FAE04EC0-301F-11D3-BF4B-00C04F79EFBC}") = "BooksAPI", "BooksAPI\BooksAPI.csproj", "{198D9A46-A697-4275-8F62-880FBF48B9DF}"
EndProject
Global
	GlobalSection(SolutionConfigurationPlatforms) = preSolution
		Debug|Any CPU = Debug|Any CPU
		Release|Any CPU = Release|Any CPU
	EndGlobalSection
	GlobalSection(ProjectConfigurationPlatforms) = postSolution
		{198D9A46-A697-4275-8F62-880FBF48B9DF}.Debug|Any CPU.ActiveCfg = Debug|Any CPU
		{198D9A46-A697-4275-8F62-880FBF48B9DF}.Debug|Any CPU.Build.0 = Debug|Any CPU
		{198D9A46-A697-4275-8F62-880FBF48B9DF}.Release|Any CPU.ActiveCfg = Release|Any CPU
		{198D9A46-A697-4275-8F62-880FBF48B9DF}.Release|Any CPU.Build.0 = Release|Any CPU
	EndGlobalSection
	GlobalSection(SolutionProperties) = preSolution
		HideSolutionNode = FALSE
	EndGlobalSection
	GlobalSection(ExtensibilityGlobals) = postSolution
		SolutionGuid = {FC793BC5-A791-440C-8FE0-EAE3D7F16BE3}
	EndGlobalSection
EndGlobal
